
Microsoft Visual Studio Solution File, Format Version 12.00
# Visual Studio 2012
Project("{FAE04EC0-301F-11D3-BF4B-00C04F79EFBC}") = "data-viz-mvs", "data-viz-mvs\data-viz-mvs.csproj", "{9FAD87E0-CB73-4FA3-A577-F77B2589760C}"
EndProject
Global
	GlobalSection(SolutionConfigurationPlatforms) = preSolution
		abadf|Any CPU = abadf|Any CPU
		All|Any CPU = All|Any CPU
		Debug|Any CPU = Debug|Any CPU
		Release|Any CPU = Release|Any CPU
	EndGlobalSection
	GlobalSection(ProjectConfigurationPlatforms) = postSolution
		{9FAD87E0-CB73-4FA3-A577-F77B2589760C}.abadf|Any CPU.ActiveCfg = Release|Any CPU
		{9FAD87E0-CB73-4FA3-A577-F77B2589760C}.abadf|Any CPU.Build.0 = Release|Any CPU
		{9FAD87E0-CB73-4FA3-A577-F77B2589760C}.All|Any CPU.ActiveCfg = Release|Any CPU
		{9FAD87E0-CB73-4FA3-A577-F77B2589760C}.All|Any CPU.Build.0 = Release|Any CPU
		{9FAD87E0-CB73-4FA3-A577-F77B2589760C}.Debug|Any CPU.ActiveCfg = Debug|Any CPU
		{9FAD87E0-CB73-4FA3-A577-F77B2589760C}.Debug|Any CPU.Build.0 = Debug|Any CPU
		{9FAD87E0-CB73-4FA3-A577-F77B2589760C}.Release|Any CPU.ActiveCfg = Release|Any CPU
		{9FAD87E0-CB73-4FA3-A577-F77B2589760C}.Release|Any CPU.Build.0 = Release|Any CPU
		{9FAD87E0-CB73-4FA3-A577-F77B2589760C}.Release|Any CPU.Deploy.0 = Release|Any CPU
	EndGlobalSection
	GlobalSection(SolutionProperties) = preSolution
		HideSolutionNode = FALSE
	EndGlobalSection
EndGlobal
